// !$*UTF8*$!
{
	archiveVersion = 1;
	classes = {
	};
	objectVersion = 53;
	objects = {

/* Begin PBXBuildFile section */
		040BA5AA279F1E3D00977D02 /* Podfile in Resources */ = {isa = PBXBuildFile; fileRef = 040BA5A9279F1E3D00977D02 /* Podfile */; };
		04536530279AF2CB00DE9288 /* DetailPokemonViewController.swift in Sources */ = {isa = PBXBuildFile; fileRef = 0453652E279AF2CB00DE9288 /* DetailPokemonViewController.swift */; };
		04536531279AF2CB00DE9288 /* DetailPokemonViewController.xib in Resources */ = {isa = PBXBuildFile; fileRef = 0453652F279AF2CB00DE9288 /* DetailPokemonViewController.xib */; };
		04549E3227998C2D006238F1 /* PokemonImages.swift in Sources */ = {isa = PBXBuildFile; fileRef = 04549E3127998C2D006238F1 /* PokemonImages.swift */; };
		0454F08427A81CD400029CF9 /* Cacher.swift in Sources */ = {isa = PBXBuildFile; fileRef = 0454F08327A81CD400029CF9 /* Cacher.swift */; };
		045637EB279063F0002C4015 /* NetworkHelper.swift in Sources */ = {isa = PBXBuildFile; fileRef = 045637EA279063F0002C4015 /* NetworkHelper.swift */; };
		045637ED27906428002C4015 /* NetworkDataNode.swift in Sources */ = {isa = PBXBuildFile; fileRef = 045637EC27906428002C4015 /* NetworkDataNode.swift */; };
		0456B76A27BC014D00464934 /* AnyCellType.swift in Sources */ = {isa = PBXBuildFile; fileRef = 0456B76927BC014D00464934 /* AnyCellType.swift */; };
		0456B76C27BC019D00464934 /* BaseCell.swift in Sources */ = {isa = PBXBuildFile; fileRef = 0456B76B27BC019D00464934 /* BaseCell.swift */; };
		0456B76E27BC02E200464934 /* Section.swift in Sources */ = {isa = PBXBuildFile; fileRef = 0456B76D27BC02E200464934 /* Section.swift */; };
		0456B77027BC055500464934 /* TableAdapter.swift in Sources */ = {isa = PBXBuildFile; fileRef = 0456B76F27BC055500464934 /* TableAdapter.swift */; };
		0456D03827B139E300DC033F /* ImageCacher.swift in Sources */ = {isa = PBXBuildFile; fileRef = 0456D03727B139E300DC033F /* ImageCacher.swift */; };
		045B240B27A9621A0026585E /* Cachable.swift in Sources */ = {isa = PBXBuildFile; fileRef = 045B240A27A9621A0026585E /* Cachable.swift */; };
		045B240D27A967540026585E /* Coordinatable.swift in Sources */ = {isa = PBXBuildFile; fileRef = 045B240C27A967540026585E /* Coordinatable.swift */; };
		045B241027A968770026585E /* UIViewControllerExtension.swift in Sources */ = {isa = PBXBuildFile; fileRef = 045B240F27A968770026585E /* UIViewControllerExtension.swift */; };
		045B241227A968D00026585E /* UIImageExtension.swift in Sources */ = {isa = PBXBuildFile; fileRef = 045B241127A968D00026585E /* UIImageExtension.swift */; };
		045B241627A970740026585E /* LandingCoordinator.swift in Sources */ = {isa = PBXBuildFile; fileRef = 045B241527A970740026585E /* LandingCoordinator.swift */; };
		045B242027A996F20026585E /* ConfigCasher.swift in Sources */ = {isa = PBXBuildFile; fileRef = 045B241F27A996F20026585E /* ConfigCasher.swift */; };
		0469378D2795A7E1001BC543 /* PokemonNetworkAPI.swift in Sources */ = {isa = PBXBuildFile; fileRef = 0469378C2795A7E1001BC543 /* PokemonNetworkAPI.swift */; };
		046937912795AE39001BC543 /* PokemonFeatures.swift in Sources */ = {isa = PBXBuildFile; fileRef = 046937902795AE39001BC543 /* PokemonFeatures.swift */; };
		046937942795AEE9001BC543 /* Pokemon.swift in Sources */ = {isa = PBXBuildFile; fileRef = 046937932795AEE9001BC543 /* Pokemon.swift */; };
		0469379D2796FCC0001BC543 /* PokemonAPI.swift in Sources */ = {isa = PBXBuildFile; fileRef = 0469379C2796FCC0001BC543 /* PokemonAPI.swift */; };
		0469379E27971DAC001BC543 /* LaunchScreen.storyboard in Resources */ = {isa = PBXBuildFile; fileRef = 046C9761278F3958009EDA74 /* LaunchScreen.storyboard */; };
		046937A427972086001BC543 /* PokemonListTableCell.xib in Resources */ = {isa = PBXBuildFile; fileRef = 046937A227972086001BC543 /* PokemonListTableCell.xib */; };
		046C1B5E279F07B8005997C2 /* RootViewGettable.swift in Sources */ = {isa = PBXBuildFile; fileRef = 046C1B5D279F07B7005997C2 /* RootViewGettable.swift */; };
		046C1B61279F127A005997C2 /* DetailPokemonView.swift in Sources */ = {isa = PBXBuildFile; fileRef = 046C1B60279F127A005997C2 /* DetailPokemonView.swift */; };
		046C64DE27C2A0A6000B4B29 /* NavigationControllerContainer.swift in Sources */ = {isa = PBXBuildFile; fileRef = 046C64DD27C2A0A6000B4B29 /* NavigationControllerContainer.swift */; };
		046C9757278F3954009EDA74 /* AppDelegate.swift in Sources */ = {isa = PBXBuildFile; fileRef = 046C9756278F3954009EDA74 /* AppDelegate.swift */; };
		046C9760278F3958009EDA74 /* Assets.xcassets in Resources */ = {isa = PBXBuildFile; fileRef = 046C975F278F3958009EDA74 /* Assets.xcassets */; };
		046C9777278F43E6009EDA74 /* PokemonListViewController.xib in Resources */ = {isa = PBXBuildFile; fileRef = 046C9775278F43E6009EDA74 /* PokemonListViewController.xib */; };
		046DA17527A4222700745D6B /* PokemonListView.swift in Sources */ = {isa = PBXBuildFile; fileRef = 046DA17427A4222600745D6B /* PokemonListView.swift */; };
		046DA17727A45AB600745D6B /* NetworkService.swift in Sources */ = {isa = PBXBuildFile; fileRef = 046DA17627A45AB600745D6B /* NetworkService.swift */; };
		046DC4AC27B425C40033B1B8 /* BaseViewController.swift in Sources */ = {isa = PBXBuildFile; fileRef = 046DC4AB27B425C40033B1B8 /* BaseViewController.swift */; };
		046DC4AE27B429610033B1B8 /* BaseView.swift in Sources */ = {isa = PBXBuildFile; fileRef = 046DC4AD27B429610033B1B8 /* BaseView.swift */; };
		04948F8A27977A3100FC4890 /* PokemonListTableCell.swift in Sources */ = {isa = PBXBuildFile; fileRef = 04948F8927977A3000FC4890 /* PokemonListTableCell.swift */; };
		04948F8C27977A4700FC4890 /* PokemonListViewController.swift in Sources */ = {isa = PBXBuildFile; fileRef = 04948F8B27977A4700FC4890 /* PokemonListViewController.swift */; };
		04948F8E27977F3400FC4890 /* F.swift in Sources */ = {isa = PBXBuildFile; fileRef = 04948F8D27977F3400FC4890 /* F.swift */; };
		04948F9227978D8200FC4890 /* UITableViewExtension.swift in Sources */ = {isa = PBXBuildFile; fileRef = 04948F9127978D8200FC4890 /* UITableViewExtension.swift */; };
		1551E9B51B26CE4D55C64683 /* Pods_pokemon_table.framework in Frameworks */ = {isa = PBXBuildFile; fileRef = 4827C26458E22C3F68AFDCE8 /* Pods_pokemon_table.framework */; };
		2C18F5372836B581004A619E /* CoreDataManager.swift in Sources */ = {isa = PBXBuildFile; fileRef = 2C18F5362836B581004A619E /* CoreDataManager.swift */; };
		2C18F5392836BC51004A619E /* CoreDataManagerProtocol.swift in Sources */ = {isa = PBXBuildFile; fileRef = 2C18F5382836BC51004A619E /* CoreDataManagerProtocol.swift */; };
		2C987BCB281188F10050A72C /* PokemonServiceAPI.swift in Sources */ = {isa = PBXBuildFile; fileRef = 2C987BCA281188F10050A72C /* PokemonServiceAPI.swift */; };
		2C987BD22811B5590050A72C /* Extensions.swift in Sources */ = {isa = PBXBuildFile; fileRef = 2C987BD12811B5590050A72C /* Extensions.swift */; };
		2C987C05281ABA120050A72C /* Types.swift in Sources */ = {isa = PBXBuildFile; fileRef = 2C987C04281ABA120050A72C /* Types.swift */; };
		2C987C21281ABD770050A72C /* Dictionary+Extension.swift in Sources */ = {isa = PBXBuildFile; fileRef = 2C987C1C281ABD770050A72C /* Dictionary+Extension.swift */; };
		2C987C22281ABD770050A72C /* NetworkProcessable+Extensions.swift in Sources */ = {isa = PBXBuildFile; fileRef = 2C987C1D281ABD770050A72C /* NetworkProcessable+Extensions.swift */; };
		2C987C23281ABD770050A72C /* URL+Extensions.swift in Sources */ = {isa = PBXBuildFile; fileRef = 2C987C1E281ABD770050A72C /* URL+Extensions.swift */; };
		2C987C24281ABD770050A72C /* Headers+Extensions.swift in Sources */ = {isa = PBXBuildFile; fileRef = 2C987C1F281ABD770050A72C /* Headers+Extensions.swift */; };
		2C987C25281ABD770050A72C /* FNori.swift in Sources */ = {isa = PBXBuildFile; fileRef = 2C987C20281ABD770050A72C /* FNori.swift */; };
		2C987C29281ABDBB0050A72C /* Operators.swift in Sources */ = {isa = PBXBuildFile; fileRef = 2C987C28281ABDBB0050A72C /* Operators.swift */; };
		2C987C2E281ABE4C0050A72C /* URLPathBuilder.swift in Sources */ = {isa = PBXBuildFile; fileRef = 2C987C2B281ABE4C0050A72C /* URLPathBuilder.swift */; };
		2C987C2F281ABE4C0050A72C /* ErrorDecode.swift in Sources */ = {isa = PBXBuildFile; fileRef = 2C987C2C281ABE4C0050A72C /* ErrorDecode.swift */; };
		2C987C30281ABE4C0050A72C /* Service.swift in Sources */ = {isa = PBXBuildFile; fileRef = 2C987C2D281ABE4C0050A72C /* Service.swift */; };
		2C987C332832B5B50050A72C /* CoreData.xcdatamodeld in Sources */ = {isa = PBXBuildFile; fileRef = 2C987C312832B5B50050A72C /* CoreData.xcdatamodeld */; };
		2C987C352832CE370050A72C /* PokemonManager.swift in Sources */ = {isa = PBXBuildFile; fileRef = 2C987C342832CE370050A72C /* PokemonManager.swift */; };
		2C987C86283409400050A72C /* CoreDataInitiable.swift in Sources */ = {isa = PBXBuildFile; fileRef = 2C987C85283409400050A72C /* CoreDataInitiable.swift */; };
		2C987C8828340E660050A72C /* PokemonAbility.swift in Sources */ = {isa = PBXBuildFile; fileRef = 2C987C8728340E660050A72C /* PokemonAbility.swift */; };
		2C987C8A2834167A0050A72C /* PokemonEffect.swift in Sources */ = {isa = PBXBuildFile; fileRef = 2C987C892834167A0050A72C /* PokemonEffect.swift */; };
		2CBB5EDD2852528B001D5028 /* PokemonImagesModel+CoreDataClass.swift in Sources */ = {isa = PBXBuildFile; fileRef = 2CBB5ED12852528B001D5028 /* PokemonImagesModel+CoreDataClass.swift */; };
		2CBB5EDE2852528B001D5028 /* PokemonImagesModel+CoreDataProperties.swift in Sources */ = {isa = PBXBuildFile; fileRef = 2CBB5ED22852528B001D5028 /* PokemonImagesModel+CoreDataProperties.swift */; };
		2CBB5EDF2852528B001D5028 /* ImageDataModel+CoreDataClass.swift in Sources */ = {isa = PBXBuildFile; fileRef = 2CBB5ED32852528B001D5028 /* ImageDataModel+CoreDataClass.swift */; };
		2CBB5EE02852528B001D5028 /* PokemonFeaturesModel+CoreDataClass.swift in Sources */ = {isa = PBXBuildFile; fileRef = 2CBB5ED42852528B001D5028 /* PokemonFeaturesModel+CoreDataClass.swift */; };
		2CBB5EE12852528B001D5028 /* ImageDataModel+CoreDataProperties.swift in Sources */ = {isa = PBXBuildFile; fileRef = 2CBB5ED52852528B001D5028 /* ImageDataModel+CoreDataProperties.swift */; };
		2CBB5EE22852528B001D5028 /* PokemonAbilityModel+CoreDataProperties.swift in Sources */ = {isa = PBXBuildFile; fileRef = 2CBB5ED62852528B001D5028 /* PokemonAbilityModel+CoreDataProperties.swift */; };
		2CBB5EE32852528B001D5028 /* PokemonAbilityModel+CoreDataClass.swift in Sources */ = {isa = PBXBuildFile; fileRef = 2CBB5ED72852528B001D5028 /* PokemonAbilityModel+CoreDataClass.swift */; };
		2CBB5EE52852528B001D5028 /* PokemonFeaturesModel+CoreDataProperties.swift in Sources */ = {isa = PBXBuildFile; fileRef = 2CBB5ED92852528B001D5028 /* PokemonFeaturesModel+CoreDataProperties.swift */; };
		2CBB5EEE28525A25001D5028 /* PokemonModel+CoreDataClass.swift in Sources */ = {isa = PBXBuildFile; fileRef = 2CBB5EEC28525A24001D5028 /* PokemonModel+CoreDataClass.swift */; };
		2CBB5EEF28525A25001D5028 /* PokemonModel+CoreDataProperties.swift in Sources */ = {isa = PBXBuildFile; fileRef = 2CBB5EED28525A24001D5028 /* PokemonModel+CoreDataProperties.swift */; };
		2CBB5EF22858B4F4001D5028 /* NetworkDataNodeModel+CoreDataProperties.swift in Sources */ = {isa = PBXBuildFile; fileRef = 2CBB5EF02858B4F4001D5028 /* NetworkDataNodeModel+CoreDataProperties.swift */; };
		2CBB5EF32858B4F4001D5028 /* NetworkDataNodeModel+CoreDataClass.swift in Sources */ = {isa = PBXBuildFile; fileRef = 2CBB5EF12858B4F4001D5028 /* NetworkDataNodeModel+CoreDataClass.swift */; };
/* End PBXBuildFile section */

/* Begin PBXFileReference section */
		040BA5A9279F1E3D00977D02 /* Podfile */ = {isa = PBXFileReference; lastKnownFileType = text; path = Podfile; sourceTree = "<group>"; xcLanguageSpecificationIdentifier = xcode.lang.ruby; };
		0453652E279AF2CB00DE9288 /* DetailPokemonViewController.swift */ = {isa = PBXFileReference; lastKnownFileType = sourcecode.swift; path = DetailPokemonViewController.swift; sourceTree = "<group>"; };
		0453652F279AF2CB00DE9288 /* DetailPokemonViewController.xib */ = {isa = PBXFileReference; lastKnownFileType = file.xib; path = DetailPokemonViewController.xib; sourceTree = "<group>"; };
		04549E3127998C2D006238F1 /* PokemonImages.swift */ = {isa = PBXFileReference; lastKnownFileType = sourcecode.swift; path = PokemonImages.swift; sourceTree = "<group>"; };
		0454F08327A81CD400029CF9 /* Cacher.swift */ = {isa = PBXFileReference; lastKnownFileType = sourcecode.swift; path = Cacher.swift; sourceTree = "<group>"; };
		045637EA279063F0002C4015 /* NetworkHelper.swift */ = {isa = PBXFileReference; lastKnownFileType = sourcecode.swift; path = NetworkHelper.swift; sourceTree = "<group>"; };
		045637EC27906428002C4015 /* NetworkDataNode.swift */ = {isa = PBXFileReference; lastKnownFileType = sourcecode.swift; path = NetworkDataNode.swift; sourceTree = "<group>"; };
		0456B76927BC014D00464934 /* AnyCellType.swift */ = {isa = PBXFileReference; lastKnownFileType = sourcecode.swift; path = AnyCellType.swift; sourceTree = "<group>"; };
		0456B76B27BC019D00464934 /* BaseCell.swift */ = {isa = PBXFileReference; lastKnownFileType = sourcecode.swift; path = BaseCell.swift; sourceTree = "<group>"; };
		0456B76D27BC02E200464934 /* Section.swift */ = {isa = PBXFileReference; lastKnownFileType = sourcecode.swift; path = Section.swift; sourceTree = "<group>"; };
		0456B76F27BC055500464934 /* TableAdapter.swift */ = {isa = PBXFileReference; lastKnownFileType = sourcecode.swift; path = TableAdapter.swift; sourceTree = "<group>"; };
		0456D03727B139E300DC033F /* ImageCacher.swift */ = {isa = PBXFileReference; lastKnownFileType = sourcecode.swift; path = ImageCacher.swift; sourceTree = "<group>"; };
		045B240A27A9621A0026585E /* Cachable.swift */ = {isa = PBXFileReference; lastKnownFileType = sourcecode.swift; path = Cachable.swift; sourceTree = "<group>"; };
		045B240C27A967540026585E /* Coordinatable.swift */ = {isa = PBXFileReference; lastKnownFileType = sourcecode.swift; path = Coordinatable.swift; sourceTree = "<group>"; };
		045B240F27A968770026585E /* UIViewControllerExtension.swift */ = {isa = PBXFileReference; lastKnownFileType = sourcecode.swift; path = UIViewControllerExtension.swift; sourceTree = "<group>"; };
		045B241127A968D00026585E /* UIImageExtension.swift */ = {isa = PBXFileReference; lastKnownFileType = sourcecode.swift; path = UIImageExtension.swift; sourceTree = "<group>"; };
		045B241527A970740026585E /* LandingCoordinator.swift */ = {isa = PBXFileReference; lastKnownFileType = sourcecode.swift; path = LandingCoordinator.swift; sourceTree = "<group>"; };
		045B241F27A996F20026585E /* ConfigCasher.swift */ = {isa = PBXFileReference; lastKnownFileType = sourcecode.swift; path = ConfigCasher.swift; sourceTree = "<group>"; };
		0469378C2795A7E1001BC543 /* PokemonNetworkAPI.swift */ = {isa = PBXFileReference; lastKnownFileType = sourcecode.swift; path = PokemonNetworkAPI.swift; sourceTree = "<group>"; };
		046937902795AE39001BC543 /* PokemonFeatures.swift */ = {isa = PBXFileReference; lastKnownFileType = sourcecode.swift; path = PokemonFeatures.swift; sourceTree = "<group>"; };
		046937932795AEE9001BC543 /* Pokemon.swift */ = {isa = PBXFileReference; lastKnownFileType = sourcecode.swift; path = Pokemon.swift; sourceTree = "<group>"; };
		0469379C2796FCC0001BC543 /* PokemonAPI.swift */ = {isa = PBXFileReference; lastKnownFileType = sourcecode.swift; path = PokemonAPI.swift; sourceTree = "<group>"; };
		046937A227972086001BC543 /* PokemonListTableCell.xib */ = {isa = PBXFileReference; lastKnownFileType = file.xib; path = PokemonListTableCell.xib; sourceTree = "<group>"; };
		046C1B5D279F07B7005997C2 /* RootViewGettable.swift */ = {isa = PBXFileReference; fileEncoding = 4; lastKnownFileType = sourcecode.swift; path = RootViewGettable.swift; sourceTree = "<group>"; };
		046C1B60279F127A005997C2 /* DetailPokemonView.swift */ = {isa = PBXFileReference; lastKnownFileType = sourcecode.swift; path = DetailPokemonView.swift; sourceTree = "<group>"; };
		046C64DD27C2A0A6000B4B29 /* NavigationControllerContainer.swift */ = {isa = PBXFileReference; lastKnownFileType = sourcecode.swift; path = NavigationControllerContainer.swift; sourceTree = "<group>"; };
		046C9753278F3954009EDA74 /* pokemon_table.app */ = {isa = PBXFileReference; explicitFileType = wrapper.application; includeInIndex = 0; path = pokemon_table.app; sourceTree = BUILT_PRODUCTS_DIR; };
		046C9756278F3954009EDA74 /* AppDelegate.swift */ = {isa = PBXFileReference; lastKnownFileType = sourcecode.swift; path = AppDelegate.swift; sourceTree = "<group>"; };
		046C975F278F3958009EDA74 /* Assets.xcassets */ = {isa = PBXFileReference; lastKnownFileType = folder.assetcatalog; path = Assets.xcassets; sourceTree = "<group>"; };
		046C9762278F3958009EDA74 /* Base */ = {isa = PBXFileReference; lastKnownFileType = file.storyboard; name = Base; path = Base.lproj/LaunchScreen.storyboard; sourceTree = "<group>"; };
		046C9764278F3958009EDA74 /* Info.plist */ = {isa = PBXFileReference; lastKnownFileType = text.plist.xml; path = Info.plist; sourceTree = "<group>"; };
		046C9775278F43E6009EDA74 /* PokemonListViewController.xib */ = {isa = PBXFileReference; lastKnownFileType = file.xib; path = PokemonListViewController.xib; sourceTree = "<group>"; };
		046DA17427A4222600745D6B /* PokemonListView.swift */ = {isa = PBXFileReference; fileEncoding = 4; lastKnownFileType = sourcecode.swift; path = PokemonListView.swift; sourceTree = "<group>"; };
		046DA17627A45AB600745D6B /* NetworkService.swift */ = {isa = PBXFileReference; lastKnownFileType = sourcecode.swift; path = NetworkService.swift; sourceTree = "<group>"; };
		046DC4AB27B425C40033B1B8 /* BaseViewController.swift */ = {isa = PBXFileReference; lastKnownFileType = sourcecode.swift; path = BaseViewController.swift; sourceTree = "<group>"; };
		046DC4AD27B429610033B1B8 /* BaseView.swift */ = {isa = PBXFileReference; lastKnownFileType = sourcecode.swift; path = BaseView.swift; sourceTree = "<group>"; };
		04948F8927977A3000FC4890 /* PokemonListTableCell.swift */ = {isa = PBXFileReference; fileEncoding = 4; lastKnownFileType = sourcecode.swift; path = PokemonListTableCell.swift; sourceTree = "<group>"; };
		04948F8B27977A4700FC4890 /* PokemonListViewController.swift */ = {isa = PBXFileReference; fileEncoding = 4; lastKnownFileType = sourcecode.swift; path = PokemonListViewController.swift; sourceTree = "<group>"; };
		04948F8D27977F3400FC4890 /* F.swift */ = {isa = PBXFileReference; lastKnownFileType = sourcecode.swift; path = F.swift; sourceTree = "<group>"; };
		04948F9127978D8200FC4890 /* UITableViewExtension.swift */ = {isa = PBXFileReference; lastKnownFileType = sourcecode.swift; path = UITableViewExtension.swift; sourceTree = "<group>"; };
		2C18F5362836B581004A619E /* CoreDataManager.swift */ = {isa = PBXFileReference; lastKnownFileType = sourcecode.swift; path = CoreDataManager.swift; sourceTree = "<group>"; };
		2C18F5382836BC51004A619E /* CoreDataManagerProtocol.swift */ = {isa = PBXFileReference; lastKnownFileType = sourcecode.swift; path = CoreDataManagerProtocol.swift; sourceTree = "<group>"; };
		2C987BCA281188F10050A72C /* PokemonServiceAPI.swift */ = {isa = PBXFileReference; lastKnownFileType = sourcecode.swift; path = PokemonServiceAPI.swift; sourceTree = "<group>"; };
		2C987BD12811B5590050A72C /* Extensions.swift */ = {isa = PBXFileReference; lastKnownFileType = sourcecode.swift; path = Extensions.swift; sourceTree = "<group>"; };
		2C987C04281ABA120050A72C /* Types.swift */ = {isa = PBXFileReference; lastKnownFileType = sourcecode.swift; path = Types.swift; sourceTree = "<group>"; };
		2C987C1C281ABD770050A72C /* Dictionary+Extension.swift */ = {isa = PBXFileReference; fileEncoding = 4; lastKnownFileType = sourcecode.swift; path = "Dictionary+Extension.swift"; sourceTree = "<group>"; };
		2C987C1D281ABD770050A72C /* NetworkProcessable+Extensions.swift */ = {isa = PBXFileReference; fileEncoding = 4; lastKnownFileType = sourcecode.swift; path = "NetworkProcessable+Extensions.swift"; sourceTree = "<group>"; };
		2C987C1E281ABD770050A72C /* URL+Extensions.swift */ = {isa = PBXFileReference; fileEncoding = 4; lastKnownFileType = sourcecode.swift; path = "URL+Extensions.swift"; sourceTree = "<group>"; };
		2C987C1F281ABD770050A72C /* Headers+Extensions.swift */ = {isa = PBXFileReference; fileEncoding = 4; lastKnownFileType = sourcecode.swift; path = "Headers+Extensions.swift"; sourceTree = "<group>"; };
		2C987C20281ABD770050A72C /* FNori.swift */ = {isa = PBXFileReference; fileEncoding = 4; lastKnownFileType = sourcecode.swift; path = FNori.swift; sourceTree = "<group>"; };
		2C987C28281ABDBB0050A72C /* Operators.swift */ = {isa = PBXFileReference; fileEncoding = 4; lastKnownFileType = sourcecode.swift; path = Operators.swift; sourceTree = "<group>"; };
		2C987C2B281ABE4C0050A72C /* URLPathBuilder.swift */ = {isa = PBXFileReference; fileEncoding = 4; lastKnownFileType = sourcecode.swift; path = URLPathBuilder.swift; sourceTree = "<group>"; };
		2C987C2C281ABE4C0050A72C /* ErrorDecode.swift */ = {isa = PBXFileReference; fileEncoding = 4; lastKnownFileType = sourcecode.swift; path = ErrorDecode.swift; sourceTree = "<group>"; };
		2C987C2D281ABE4C0050A72C /* Service.swift */ = {isa = PBXFileReference; fileEncoding = 4; lastKnownFileType = sourcecode.swift; path = Service.swift; sourceTree = "<group>"; };
		2C987C322832B5B50050A72C /* CoreData.xcdatamodel */ = {isa = PBXFileReference; lastKnownFileType = wrapper.xcdatamodel; path = CoreData.xcdatamodel; sourceTree = "<group>"; };
		2C987C342832CE370050A72C /* PokemonManager.swift */ = {isa = PBXFileReference; lastKnownFileType = sourcecode.swift; path = PokemonManager.swift; sourceTree = "<group>"; };
		2C987C85283409400050A72C /* CoreDataInitiable.swift */ = {isa = PBXFileReference; lastKnownFileType = sourcecode.swift; path = CoreDataInitiable.swift; sourceTree = "<group>"; };
		2C987C8728340E660050A72C /* PokemonAbility.swift */ = {isa = PBXFileReference; lastKnownFileType = sourcecode.swift; path = PokemonAbility.swift; sourceTree = "<group>"; };
		2C987C892834167A0050A72C /* PokemonEffect.swift */ = {isa = PBXFileReference; lastKnownFileType = sourcecode.swift; path = PokemonEffect.swift; sourceTree = "<group>"; };
		2CBB5ED12852528B001D5028 /* PokemonImagesModel+CoreDataClass.swift */ = {isa = PBXFileReference; fileEncoding = 4; lastKnownFileType = sourcecode.swift; path = "PokemonImagesModel+CoreDataClass.swift"; sourceTree = "<group>"; };
		2CBB5ED22852528B001D5028 /* PokemonImagesModel+CoreDataProperties.swift */ = {isa = PBXFileReference; fileEncoding = 4; lastKnownFileType = sourcecode.swift; path = "PokemonImagesModel+CoreDataProperties.swift"; sourceTree = "<group>"; };
		2CBB5ED32852528B001D5028 /* ImageDataModel+CoreDataClass.swift */ = {isa = PBXFileReference; fileEncoding = 4; lastKnownFileType = sourcecode.swift; path = "ImageDataModel+CoreDataClass.swift"; sourceTree = "<group>"; };
		2CBB5ED42852528B001D5028 /* PokemonFeaturesModel+CoreDataClass.swift */ = {isa = PBXFileReference; fileEncoding = 4; lastKnownFileType = sourcecode.swift; path = "PokemonFeaturesModel+CoreDataClass.swift"; sourceTree = "<group>"; };
		2CBB5ED52852528B001D5028 /* ImageDataModel+CoreDataProperties.swift */ = {isa = PBXFileReference; fileEncoding = 4; lastKnownFileType = sourcecode.swift; path = "ImageDataModel+CoreDataProperties.swift"; sourceTree = "<group>"; };
		2CBB5ED62852528B001D5028 /* PokemonAbilityModel+CoreDataProperties.swift */ = {isa = PBXFileReference; fileEncoding = 4; lastKnownFileType = sourcecode.swift; path = "PokemonAbilityModel+CoreDataProperties.swift"; sourceTree = "<group>"; };
		2CBB5ED72852528B001D5028 /* PokemonAbilityModel+CoreDataClass.swift */ = {isa = PBXFileReference; fileEncoding = 4; lastKnownFileType = sourcecode.swift; path = "PokemonAbilityModel+CoreDataClass.swift"; sourceTree = "<group>"; };
		2CBB5ED92852528B001D5028 /* PokemonFeaturesModel+CoreDataProperties.swift */ = {isa = PBXFileReference; fileEncoding = 4; lastKnownFileType = sourcecode.swift; path = "PokemonFeaturesModel+CoreDataProperties.swift"; sourceTree = "<group>"; };
		2CBB5EEC28525A24001D5028 /* PokemonModel+CoreDataClass.swift */ = {isa = PBXFileReference; fileEncoding = 4; lastKnownFileType = sourcecode.swift; path = "PokemonModel+CoreDataClass.swift"; sourceTree = "<group>"; };
		2CBB5EED28525A24001D5028 /* PokemonModel+CoreDataProperties.swift */ = {isa = PBXFileReference; fileEncoding = 4; lastKnownFileType = sourcecode.swift; path = "PokemonModel+CoreDataProperties.swift"; sourceTree = "<group>"; };
		2CBB5EF02858B4F4001D5028 /* NetworkDataNodeModel+CoreDataProperties.swift */ = {isa = PBXFileReference; fileEncoding = 4; lastKnownFileType = sourcecode.swift; path = "NetworkDataNodeModel+CoreDataProperties.swift"; sourceTree = "<group>"; };
		2CBB5EF12858B4F4001D5028 /* NetworkDataNodeModel+CoreDataClass.swift */ = {isa = PBXFileReference; fileEncoding = 4; lastKnownFileType = sourcecode.swift; path = "NetworkDataNodeModel+CoreDataClass.swift"; sourceTree = "<group>"; };
		4827C26458E22C3F68AFDCE8 /* Pods_pokemon_table.framework */ = {isa = PBXFileReference; explicitFileType = wrapper.framework; includeInIndex = 0; path = Pods_pokemon_table.framework; sourceTree = BUILT_PRODUCTS_DIR; };
		D8FC48EAFA422C9D8EADD1C6 /* Pods-pokemon_table.release.xcconfig */ = {isa = PBXFileReference; includeInIndex = 1; lastKnownFileType = text.xcconfig; name = "Pods-pokemon_table.release.xcconfig"; path = "Target Support Files/Pods-pokemon_table/Pods-pokemon_table.release.xcconfig"; sourceTree = "<group>"; };
		E00BBF2ED113E57255843C2D /* Pods-pokemon_table.debug.xcconfig */ = {isa = PBXFileReference; includeInIndex = 1; lastKnownFileType = text.xcconfig; name = "Pods-pokemon_table.debug.xcconfig"; path = "Target Support Files/Pods-pokemon_table/Pods-pokemon_table.debug.xcconfig"; sourceTree = "<group>"; };
/* End PBXFileReference section */

/* Begin PBXFrameworksBuildPhase section */
		046C9750278F3954009EDA74 /* Frameworks */ = {
			isa = PBXFrameworksBuildPhase;
			buildActionMask = 2147483647;
			files = (
				1551E9B51B26CE4D55C64683 /* Pods_pokemon_table.framework in Frameworks */,
			);
			runOnlyForDeploymentPostprocessing = 0;
		};
/* End PBXFrameworksBuildPhase section */

/* Begin PBXGroup section */
		045637E9279063CF002C4015 /* Helpers */ = {
			isa = PBXGroup;
			children = (
				2C987BD3281AB3060050A72C /* NoriNetworkService */,
				045637EA279063F0002C4015 /* NetworkHelper.swift */,
			);
			path = Helpers;
			sourceTree = "<group>";
		};
		045B240E27A9684B0026585E /* Extensions */ = {
			isa = PBXGroup;
			children = (
				04948F9127978D8200FC4890 /* UITableViewExtension.swift */,
				045B240F27A968770026585E /* UIViewControllerExtension.swift */,
				045B241127A968D00026585E /* UIImageExtension.swift */,
				2C987BD12811B5590050A72C /* Extensions.swift */,
			);
			path = Extensions;
			sourceTree = "<group>";
		};
		0469378E2795A7E8001BC543 /* Classes */ = {
			isa = PBXGroup;
			children = (
				2C987C342832CE370050A72C /* PokemonManager.swift */,
				2C18F5362836B581004A619E /* CoreDataManager.swift */,
				2C987BC9281188B70050A72C /* Cachers */,
				2C987BC82811889D0050A72C /* API */,
				2C987BC7281188800050A72C /* Base */,
				045B241527A970740026585E /* LandingCoordinator.swift */,
				0456B76F27BC055500464934 /* TableAdapter.swift */,
				046C64DD27C2A0A6000B4B29 /* NavigationControllerContainer.swift */,
			);
			path = Classes;
			sourceTree = "<group>";
		};
		0469378F2795AE1D001BC543 /* Structs */ = {
			isa = PBXGroup;
			children = (
				2C987C8728340E660050A72C /* PokemonAbility.swift */,
				046937902795AE39001BC543 /* PokemonFeatures.swift */,
				045637EC27906428002C4015 /* NetworkDataNode.swift */,
				04549E3127998C2D006238F1 /* PokemonImages.swift */,
				045B241F27A996F20026585E /* ConfigCasher.swift */,
				0456B76D27BC02E200464934 /* Section.swift */,
				2C987C892834167A0050A72C /* PokemonEffect.swift */,
			);
			path = Structs;
			sourceTree = "<group>";
		};
		046937922795AED9001BC543 /* Model */ = {
			isa = PBXGroup;
			children = (
				2C987C7E2832E9C10050A72C /* CoreData */,
				046937932795AEE9001BC543 /* Pokemon.swift */,
			);
			path = Model;
			sourceTree = "<group>";
		};
		046937952796F06A001BC543 /* Protocols */ = {
			isa = PBXGroup;
			children = (
				046C1B5D279F07B7005997C2 /* RootViewGettable.swift */,
				0469379C2796FCC0001BC543 /* PokemonAPI.swift */,
				046DA17627A45AB600745D6B /* NetworkService.swift */,
				045B240A27A9621A0026585E /* Cachable.swift */,
				045B240C27A967540026585E /* Coordinatable.swift */,
				0456B76927BC014D00464934 /* AnyCellType.swift */,
				2C987C85283409400050A72C /* CoreDataInitiable.swift */,
				2C18F5382836BC51004A619E /* CoreDataManagerProtocol.swift */,
			);
			path = Protocols;
			sourceTree = "<group>";
		};
		046937A527975FBC001BC543 /* PokemonListVC */ = {
			isa = PBXGroup;
			children = (
				04948F8B27977A4700FC4890 /* PokemonListViewController.swift */,
				046C9775278F43E6009EDA74 /* PokemonListViewController.xib */,
				046DA17427A4222600745D6B /* PokemonListView.swift */,
			);
			path = PokemonListVC;
			sourceTree = "<group>";
		};
		046937A627975FD2001BC543 /* PokemonListTableCell */ = {
			isa = PBXGroup;
			children = (
				04948F8927977A3000FC4890 /* PokemonListTableCell.swift */,
				046937A227972086001BC543 /* PokemonListTableCell.xib */,
			);
			path = PokemonListTableCell;
			sourceTree = "<group>";
		};
		046C1B5F279F07D9005997C2 /* DetailPokemonVC */ = {
			isa = PBXGroup;
			children = (
				0453652E279AF2CB00DE9288 /* DetailPokemonViewController.swift */,
				0453652F279AF2CB00DE9288 /* DetailPokemonViewController.xib */,
				046C1B60279F127A005997C2 /* DetailPokemonView.swift */,
			);
			path = DetailPokemonVC;
			sourceTree = "<group>";
		};
		046C974A278F3954009EDA74 = {
			isa = PBXGroup;
			children = (
				2C987C312832B5B50050A72C /* CoreData.xcdatamodeld */,
				040BA5A9279F1E3D00977D02 /* Podfile */,
				046C9755278F3954009EDA74 /* pokemon_table */,
				046C9754278F3954009EDA74 /* Products */,
				DB61F9AF90CFD86D3ECE54CF /* Pods */,
				E2388FE689928B586449C5B7 /* Frameworks */,
			);
			sourceTree = "<group>";
			usesTabs = 0;
		};
		046C9754278F3954009EDA74 /* Products */ = {
			isa = PBXGroup;
			children = (
				046C9753278F3954009EDA74 /* pokemon_table.app */,
			);
			name = Products;
			sourceTree = "<group>";
		};
		046C9755278F3954009EDA74 /* pokemon_table */ = {
			isa = PBXGroup;
			children = (
				046937952796F06A001BC543 /* Protocols */,
				046937922795AED9001BC543 /* Model */,
				0469378F2795AE1D001BC543 /* Structs */,
				0469378E2795A7E8001BC543 /* Classes */,
				045637E9279063CF002C4015 /* Helpers */,
				046C976B278F42F1009EDA74 /* UI */,
				046C976A278F3C3E009EDA74 /* Resources */,
				046C9756278F3954009EDA74 /* AppDelegate.swift */,
				04948F8D27977F3400FC4890 /* F.swift */,
				045B240E27A9684B0026585E /* Extensions */,
			);
			path = pokemon_table;
			sourceTree = "<group>";
		};
		046C976A278F3C3E009EDA74 /* Resources */ = {
			isa = PBXGroup;
			children = (
				046C975F278F3958009EDA74 /* Assets.xcassets */,
				046C9764278F3958009EDA74 /* Info.plist */,
			);
			path = Resources;
			sourceTree = "<group>";
		};
		046C976B278F42F1009EDA74 /* UI */ = {
			isa = PBXGroup;
			children = (
				046C9761278F3958009EDA74 /* LaunchScreen.storyboard */,
				046C1B5F279F07D9005997C2 /* DetailPokemonVC */,
				046937A627975FD2001BC543 /* PokemonListTableCell */,
				046937A527975FBC001BC543 /* PokemonListVC */,
			);
			path = UI;
			sourceTree = "<group>";
		};
		2C28D5CB28359C79007AD457 /* NetworkDataNodeModel */ = {
			isa = PBXGroup;
			children = (
				2CBB5EF12858B4F4001D5028 /* NetworkDataNodeModel+CoreDataClass.swift */,
				2CBB5EF02858B4F4001D5028 /* NetworkDataNodeModel+CoreDataProperties.swift */,
			);
			path = NetworkDataNodeModel;
			sourceTree = "<group>";
		};
		2C28D5CC28359C8B007AD457 /* PokemonAbilityModel */ = {
			isa = PBXGroup;
			children = (
				2CBB5ED72852528B001D5028 /* PokemonAbilityModel+CoreDataClass.swift */,
				2CBB5ED62852528B001D5028 /* PokemonAbilityModel+CoreDataProperties.swift */,
			);
			path = PokemonAbilityModel;
			sourceTree = "<group>";
		};
		2C28D5CD28359CA2007AD457 /* PokemonFeaturesModel */ = {
			isa = PBXGroup;
			children = (
				2CBB5ED42852528B001D5028 /* PokemonFeaturesModel+CoreDataClass.swift */,
				2CBB5ED92852528B001D5028 /* PokemonFeaturesModel+CoreDataProperties.swift */,
			);
			path = PokemonFeaturesModel;
			sourceTree = "<group>";
		};
		2C28D5CE28359CB6007AD457 /* PokemonImagesModel */ = {
			isa = PBXGroup;
			children = (
				2CBB5ED12852528B001D5028 /* PokemonImagesModel+CoreDataClass.swift */,
				2CBB5ED22852528B001D5028 /* PokemonImagesModel+CoreDataProperties.swift */,
			);
			path = PokemonImagesModel;
			sourceTree = "<group>";
		};
		2C28D5CF28359CC8007AD457 /* PokemonModel */ = {
			isa = PBXGroup;
			children = (
				2CBB5EEC28525A24001D5028 /* PokemonModel+CoreDataClass.swift */,
				2CBB5EED28525A24001D5028 /* PokemonModel+CoreDataProperties.swift */,
			);
			path = PokemonModel;
			sourceTree = "<group>";
		};
		2C987BC7281188800050A72C /* Base */ = {
			isa = PBXGroup;
			children = (
				046DC4AB27B425C40033B1B8 /* BaseViewController.swift */,
				046DC4AD27B429610033B1B8 /* BaseView.swift */,
				0456B76B27BC019D00464934 /* BaseCell.swift */,
			);
			path = Base;
			sourceTree = "<group>";
		};
		2C987BC82811889D0050A72C /* API */ = {
			isa = PBXGroup;
			children = (
				0469378C2795A7E1001BC543 /* PokemonNetworkAPI.swift */,
				2C987BCA281188F10050A72C /* PokemonServiceAPI.swift */,
			);
			path = API;
			sourceTree = "<group>";
		};
		2C987BC9281188B70050A72C /* Cachers */ = {
			isa = PBXGroup;
			children = (
				0454F08327A81CD400029CF9 /* Cacher.swift */,
				0456D03727B139E300DC033F /* ImageCacher.swift */,
			);
			path = Cachers;
			sourceTree = "<group>";
		};
		2C987BD3281AB3060050A72C /* NoriNetworkService */ = {
			isa = PBXGroup;
			children = (
				2C987C2A281ABE410050A72C /* Service */,
				2C987C27281ABDA80050A72C /* Operators */,
				2C987C26281ABD830050A72C /* Extensions */,
				2C987C06281ABA400050A72C /* Types */,
			);
			path = NoriNetworkService;
			sourceTree = "<group>";
		};
		2C987C06281ABA400050A72C /* Types */ = {
			isa = PBXGroup;
			children = (
				2C987C04281ABA120050A72C /* Types.swift */,
			);
			path = Types;
			sourceTree = "<group>";
		};
		2C987C26281ABD830050A72C /* Extensions */ = {
			isa = PBXGroup;
			children = (
				2C987C1C281ABD770050A72C /* Dictionary+Extension.swift */,
				2C987C20281ABD770050A72C /* FNori.swift */,
				2C987C1F281ABD770050A72C /* Headers+Extensions.swift */,
				2C987C1D281ABD770050A72C /* NetworkProcessable+Extensions.swift */,
				2C987C1E281ABD770050A72C /* URL+Extensions.swift */,
			);
			path = Extensions;
			sourceTree = "<group>";
		};
		2C987C27281ABDA80050A72C /* Operators */ = {
			isa = PBXGroup;
			children = (
				2C987C28281ABDBB0050A72C /* Operators.swift */,
			);
			path = Operators;
			sourceTree = "<group>";
		};
		2C987C2A281ABE410050A72C /* Service */ = {
			isa = PBXGroup;
			children = (
				2C987C2C281ABE4C0050A72C /* ErrorDecode.swift */,
				2C987C2D281ABE4C0050A72C /* Service.swift */,
				2C987C2B281ABE4C0050A72C /* URLPathBuilder.swift */,
			);
			path = Service;
			sourceTree = "<group>";
		};
		2C987C7E2832E9C10050A72C /* CoreData */ = {
			isa = PBXGroup;
			children = (
				2C28D5CF28359CC8007AD457 /* PokemonModel */,
				2C28D5CB28359C79007AD457 /* NetworkDataNodeModel */,
				2C28D5CE28359CB6007AD457 /* PokemonImagesModel */,
				2CBB5ECB285223FD001D5028 /* ImageDataModel */,
				2C28D5CD28359CA2007AD457 /* PokemonFeaturesModel */,
				2C28D5CC28359C8B007AD457 /* PokemonAbilityModel */,
			);
			path = CoreData;
			sourceTree = "<group>";
		};
		2CBB5ECB285223FD001D5028 /* ImageDataModel */ = {
			isa = PBXGroup;
			children = (
				2CBB5ED32852528B001D5028 /* ImageDataModel+CoreDataClass.swift */,
				2CBB5ED52852528B001D5028 /* ImageDataModel+CoreDataProperties.swift */,
			);
			path = ImageDataModel;
			sourceTree = "<group>";
		};
		DB61F9AF90CFD86D3ECE54CF /* Pods */ = {
			isa = PBXGroup;
			children = (
				E00BBF2ED113E57255843C2D /* Pods-pokemon_table.debug.xcconfig */,
				D8FC48EAFA422C9D8EADD1C6 /* Pods-pokemon_table.release.xcconfig */,
			);
			path = Pods;
			sourceTree = "<group>";
		};
		E2388FE689928B586449C5B7 /* Frameworks */ = {
			isa = PBXGroup;
			children = (
				4827C26458E22C3F68AFDCE8 /* Pods_pokemon_table.framework */,
			);
			name = Frameworks;
			sourceTree = "<group>";
		};
/* End PBXGroup section */

/* Begin PBXNativeTarget section */
		046C9752278F3954009EDA74 /* pokemon_table */ = {
			isa = PBXNativeTarget;
			buildConfigurationList = 046C9767278F3958009EDA74 /* Build configuration list for PBXNativeTarget "pokemon_table" */;
			buildPhases = (
				522BDDFC7CD9B7FCAAEC71C7 /* [CP] Check Pods Manifest.lock */,
				046C974F278F3954009EDA74 /* Sources */,
				046C9750278F3954009EDA74 /* Frameworks */,
				046C9751278F3954009EDA74 /* Resources */,
				1C1F863E1C85D2D289367325 /* [CP] Embed Pods Frameworks */,
			);
			buildRules = (
			);
			dependencies = (
			);
			name = pokemon_table;
			productName = pokemon_table;
			productReference = 046C9753278F3954009EDA74 /* pokemon_table.app */;
			productType = "com.apple.product-type.application";
		};
/* End PBXNativeTarget section */

/* Begin PBXProject section */
		046C974B278F3954009EDA74 /* Project object */ = {
			isa = PBXProject;
			attributes = {
				BuildIndependentTargetsInParallel = 1;
				LastSwiftUpdateCheck = 1310;
				LastUpgradeCheck = 1310;
				TargetAttributes = {
					046C9752278F3954009EDA74 = {
						CreatedOnToolsVersion = 13.1;
					};
				};
			};
			buildConfigurationList = 046C974E278F3954009EDA74 /* Build configuration list for PBXProject "pokemon_table" */;
			compatibilityVersion = "Xcode 9.3";
			developmentRegion = en;
			hasScannedForEncodings = 0;
			knownRegions = (
				en,
				Base,
			);
			mainGroup = 046C974A278F3954009EDA74;
			productRefGroup = 046C9754278F3954009EDA74 /* Products */;
			projectDirPath = "";
			projectRoot = "";
			targets = (
				046C9752278F3954009EDA74 /* pokemon_table */,
			);
		};
/* End PBXProject section */

/* Begin PBXResourcesBuildPhase section */
		046C9751278F3954009EDA74 /* Resources */ = {
			isa = PBXResourcesBuildPhase;
			buildActionMask = 2147483647;
			files = (
				040BA5AA279F1E3D00977D02 /* Podfile in Resources */,
				0469379E27971DAC001BC543 /* LaunchScreen.storyboard in Resources */,
				04536531279AF2CB00DE9288 /* DetailPokemonViewController.xib in Resources */,
				046C9777278F43E6009EDA74 /* PokemonListViewController.xib in Resources */,
				046937A427972086001BC543 /* PokemonListTableCell.xib in Resources */,
				046C9760278F3958009EDA74 /* Assets.xcassets in Resources */,
			);
			runOnlyForDeploymentPostprocessing = 0;
		};
/* End PBXResourcesBuildPhase section */

/* Begin PBXShellScriptBuildPhase section */
		1C1F863E1C85D2D289367325 /* [CP] Embed Pods Frameworks */ = {
			isa = PBXShellScriptBuildPhase;
			buildActionMask = 2147483647;
			files = (
			);
			inputFileListPaths = (
				"${PODS_ROOT}/Target Support Files/Pods-pokemon_table/Pods-pokemon_table-frameworks-${CONFIGURATION}-input-files.xcfilelist",
			);
			name = "[CP] Embed Pods Frameworks";
			outputFileListPaths = (
				"${PODS_ROOT}/Target Support Files/Pods-pokemon_table/Pods-pokemon_table-frameworks-${CONFIGURATION}-output-files.xcfilelist",
			);
			runOnlyForDeploymentPostprocessing = 0;
			shellPath = /bin/sh;
			shellScript = "\"${PODS_ROOT}/Target Support Files/Pods-pokemon_table/Pods-pokemon_table-frameworks.sh\"\n";
			showEnvVarsInLog = 0;
		};
		522BDDFC7CD9B7FCAAEC71C7 /* [CP] Check Pods Manifest.lock */ = {
			isa = PBXShellScriptBuildPhase;
			buildActionMask = 2147483647;
			files = (
			);
			inputFileListPaths = (
			);
			inputPaths = (
				"${PODS_PODFILE_DIR_PATH}/Podfile.lock",
				"${PODS_ROOT}/Manifest.lock",
			);
			name = "[CP] Check Pods Manifest.lock";
			outputFileListPaths = (
			);
			outputPaths = (
				"$(DERIVED_FILE_DIR)/Pods-pokemon_table-checkManifestLockResult.txt",
			);
			runOnlyForDeploymentPostprocessing = 0;
			shellPath = /bin/sh;
			shellScript = "diff \"${PODS_PODFILE_DIR_PATH}/Podfile.lock\" \"${PODS_ROOT}/Manifest.lock\" > /dev/null\nif [ $? != 0 ] ; then\n    # print error to STDERR\n    echo \"error: The sandbox is not in sync with the Podfile.lock. Run 'pod install' or update your CocoaPods installation.\" >&2\n    exit 1\nfi\n# This output is used by Xcode 'outputs' to avoid re-running this script phase.\necho \"SUCCESS\" > \"${SCRIPT_OUTPUT_FILE_0}\"\n";
			showEnvVarsInLog = 0;
		};
/* End PBXShellScriptBuildPhase section */

/* Begin PBXSourcesBuildPhase section */
		046C974F278F3954009EDA74 /* Sources */ = {
			isa = PBXSourcesBuildPhase;
			buildActionMask = 2147483647;
			files = (
				2C987C25281ABD770050A72C /* FNori.swift in Sources */,
				2C987C352832CE370050A72C /* PokemonManager.swift in Sources */,
				2C987C30281ABE4C0050A72C /* Service.swift in Sources */,
				2C987C332832B5B50050A72C /* CoreData.xcdatamodeld in Sources */,
				046DC4AE27B429610033B1B8 /* BaseView.swift in Sources */,
				2C987C8A2834167A0050A72C /* PokemonEffect.swift in Sources */,
				2C18F5372836B581004A619E /* CoreDataManager.swift in Sources */,
				04948F8E27977F3400FC4890 /* F.swift in Sources */,
				04948F8C27977A4700FC4890 /* PokemonListViewController.swift in Sources */,
				2C987BCB281188F10050A72C /* PokemonServiceAPI.swift in Sources */,
				0469378D2795A7E1001BC543 /* PokemonNetworkAPI.swift in Sources */,
				04536530279AF2CB00DE9288 /* DetailPokemonViewController.swift in Sources */,
				2C987C24281ABD770050A72C /* Headers+Extensions.swift in Sources */,
				2CBB5EE52852528B001D5028 /* PokemonFeaturesModel+CoreDataProperties.swift in Sources */,
				046DC4AC27B425C40033B1B8 /* BaseViewController.swift in Sources */,
				2C987BD22811B5590050A72C /* Extensions.swift in Sources */,
				0469379D2796FCC0001BC543 /* PokemonAPI.swift in Sources */,
				2CBB5EDF2852528B001D5028 /* ImageDataModel+CoreDataClass.swift in Sources */,
				045B241027A968770026585E /* UIViewControllerExtension.swift in Sources */,
				04948F8A27977A3100FC4890 /* PokemonListTableCell.swift in Sources */,
				04549E3227998C2D006238F1 /* PokemonImages.swift in Sources */,
				045637ED27906428002C4015 /* NetworkDataNode.swift in Sources */,
				0454F08427A81CD400029CF9 /* Cacher.swift in Sources */,
				045B242027A996F20026585E /* ConfigCasher.swift in Sources */,
				2C987C29281ABDBB0050A72C /* Operators.swift in Sources */,
				2CBB5EDD2852528B001D5028 /* PokemonImagesModel+CoreDataClass.swift in Sources */,
				2CBB5EEF28525A25001D5028 /* PokemonModel+CoreDataProperties.swift in Sources */,
				0456B76C27BC019D00464934 /* BaseCell.swift in Sources */,
				2CBB5EF22858B4F4001D5028 /* NetworkDataNodeModel+CoreDataProperties.swift in Sources */,
				045B241627A970740026585E /* LandingCoordinator.swift in Sources */,
				0456B76E27BC02E200464934 /* Section.swift in Sources */,
				2C987C21281ABD770050A72C /* Dictionary+Extension.swift in Sources */,
				0456B77027BC055500464934 /* TableAdapter.swift in Sources */,
				2CBB5EE12852528B001D5028 /* ImageDataModel+CoreDataProperties.swift in Sources */,
				045637EB279063F0002C4015 /* NetworkHelper.swift in Sources */,
				2CBB5EE02852528B001D5028 /* PokemonFeaturesModel+CoreDataClass.swift in Sources */,
				2C987C05281ABA120050A72C /* Types.swift in Sources */,
				046DA17527A4222700745D6B /* PokemonListView.swift in Sources */,
				046937942795AEE9001BC543 /* Pokemon.swift in Sources */,
				045B240D27A967540026585E /* Coordinatable.swift in Sources */,
				2C987C2E281ABE4C0050A72C /* URLPathBuilder.swift in Sources */,
				046C1B5E279F07B8005997C2 /* RootViewGettable.swift in Sources */,
				2CBB5EEE28525A25001D5028 /* PokemonModel+CoreDataClass.swift in Sources */,
				2C987C8828340E660050A72C /* PokemonAbility.swift in Sources */,
				2C18F5392836BC51004A619E /* CoreDataManagerProtocol.swift in Sources */,
				045B241227A968D00026585E /* UIImageExtension.swift in Sources */,
				2CBB5EF32858B4F4001D5028 /* NetworkDataNodeModel+CoreDataClass.swift in Sources */,
				046C1B61279F127A005997C2 /* DetailPokemonView.swift in Sources */,
				2CBB5EDE2852528B001D5028 /* PokemonImagesModel+CoreDataProperties.swift in Sources */,
				0456D03827B139E300DC033F /* ImageCacher.swift in Sources */,
				2CBB5EE22852528B001D5028 /* PokemonAbilityModel+CoreDataProperties.swift in Sources */,
				2C987C22281ABD770050A72C /* NetworkProcessable+Extensions.swift in Sources */,
				046DA17727A45AB600745D6B /* NetworkService.swift in Sources */,
				04948F9227978D8200FC4890 /* UITableViewExtension.swift in Sources */,
				045B240B27A9621A0026585E /* Cachable.swift in Sources */,
				2C987C2F281ABE4C0050A72C /* ErrorDecode.swift in Sources */,
				2C987C86283409400050A72C /* CoreDataInitiable.swift in Sources */,
				2CBB5EE32852528B001D5028 /* PokemonAbilityModel+CoreDataClass.swift in Sources */,
				046C9757278F3954009EDA74 /* AppDelegate.swift in Sources */,
				046C64DE27C2A0A6000B4B29 /* NavigationControllerContainer.swift in Sources */,
				2C987C23281ABD770050A72C /* URL+Extensions.swift in Sources */,
				0456B76A27BC014D00464934 /* AnyCellType.swift in Sources */,
				046937912795AE39001BC543 /* PokemonFeatures.swift in Sources */,
			);
			runOnlyForDeploymentPostprocessing = 0;
		};
/* End PBXSourcesBuildPhase section */

/* Begin PBXVariantGroup section */
		046C9761278F3958009EDA74 /* LaunchScreen.storyboard */ = {
			isa = PBXVariantGroup;
			children = (
				046C9762278F3958009EDA74 /* Base */,
			);
			name = LaunchScreen.storyboard;
			sourceTree = "<group>";
		};
/* End PBXVariantGroup section */

/* Begin XCBuildConfiguration section */
		046C9765278F3958009EDA74 /* Debug */ = {
			isa = XCBuildConfiguration;
			buildSettings = {
				ALWAYS_SEARCH_USER_PATHS = NO;
				CLANG_ANALYZER_NONNULL = YES;
				CLANG_ANALYZER_NUMBER_OBJECT_CONVERSION = YES_AGGRESSIVE;
				CLANG_CXX_LANGUAGE_STANDARD = "gnu++17";
				CLANG_CXX_LIBRARY = "libc++";
				CLANG_ENABLE_MODULES = YES;
				CLANG_ENABLE_OBJC_ARC = YES;
				CLANG_ENABLE_OBJC_WEAK = YES;
				CLANG_WARN_BLOCK_CAPTURE_AUTORELEASING = YES;
				CLANG_WARN_BOOL_CONVERSION = YES;
				CLANG_WARN_COMMA = YES;
				CLANG_WARN_CONSTANT_CONVERSION = YES;
				CLANG_WARN_DEPRECATED_OBJC_IMPLEMENTATIONS = YES;
				CLANG_WARN_DIRECT_OBJC_ISA_USAGE = YES_ERROR;
				CLANG_WARN_DOCUMENTATION_COMMENTS = YES;
				CLANG_WARN_EMPTY_BODY = YES;
				CLANG_WARN_ENUM_CONVERSION = YES;
				CLANG_WARN_INFINITE_RECURSION = YES;
				CLANG_WARN_INT_CONVERSION = YES;
				CLANG_WARN_NON_LITERAL_NULL_CONVERSION = YES;
				CLANG_WARN_OBJC_IMPLICIT_RETAIN_SELF = YES;
				CLANG_WARN_OBJC_LITERAL_CONVERSION = YES;
				CLANG_WARN_OBJC_ROOT_CLASS = YES_ERROR;
				CLANG_WARN_QUOTED_INCLUDE_IN_FRAMEWORK_HEADER = YES;
				CLANG_WARN_RANGE_LOOP_ANALYSIS = YES;
				CLANG_WARN_STRICT_PROTOTYPES = YES;
				CLANG_WARN_SUSPICIOUS_MOVE = YES;
				CLANG_WARN_UNGUARDED_AVAILABILITY = YES_AGGRESSIVE;
				CLANG_WARN_UNREACHABLE_CODE = YES;
				CLANG_WARN__DUPLICATE_METHOD_MATCH = YES;
				COPY_PHASE_STRIP = NO;
				DEBUG_INFORMATION_FORMAT = dwarf;
				ENABLE_STRICT_OBJC_MSGSEND = YES;
				ENABLE_TESTABILITY = YES;
				GCC_C_LANGUAGE_STANDARD = gnu11;
				GCC_DYNAMIC_NO_PIC = NO;
				GCC_NO_COMMON_BLOCKS = YES;
				GCC_OPTIMIZATION_LEVEL = 0;
				GCC_PREPROCESSOR_DEFINITIONS = (
					"DEBUG=1",
					"$(inherited)",
				);
				GCC_WARN_64_TO_32_BIT_CONVERSION = YES;
				GCC_WARN_ABOUT_RETURN_TYPE = YES_ERROR;
				GCC_WARN_UNDECLARED_SELECTOR = YES;
				GCC_WARN_UNINITIALIZED_AUTOS = YES_AGGRESSIVE;
				GCC_WARN_UNUSED_FUNCTION = YES;
				GCC_WARN_UNUSED_VARIABLE = YES;
				IPHONEOS_DEPLOYMENT_TARGET = 15.0;
				MTL_ENABLE_DEBUG_INFO = INCLUDE_SOURCE;
				MTL_FAST_MATH = YES;
				ONLY_ACTIVE_ARCH = YES;
				SDKROOT = iphoneos;
				SWIFT_ACTIVE_COMPILATION_CONDITIONS = DEBUG;
				SWIFT_OPTIMIZATION_LEVEL = "-Onone";
			};
			name = Debug;
		};
		046C9766278F3958009EDA74 /* Release */ = {
			isa = XCBuildConfiguration;
			buildSettings = {
				ALWAYS_SEARCH_USER_PATHS = NO;
				CLANG_ANALYZER_NONNULL = YES;
				CLANG_ANALYZER_NUMBER_OBJECT_CONVERSION = YES_AGGRESSIVE;
				CLANG_CXX_LANGUAGE_STANDARD = "gnu++17";
				CLANG_CXX_LIBRARY = "libc++";
				CLANG_ENABLE_MODULES = YES;
				CLANG_ENABLE_OBJC_ARC = YES;
				CLANG_ENABLE_OBJC_WEAK = YES;
				CLANG_WARN_BLOCK_CAPTURE_AUTORELEASING = YES;
				CLANG_WARN_BOOL_CONVERSION = YES;
				CLANG_WARN_COMMA = YES;
				CLANG_WARN_CONSTANT_CONVERSION = YES;
				CLANG_WARN_DEPRECATED_OBJC_IMPLEMENTATIONS = YES;
				CLANG_WARN_DIRECT_OBJC_ISA_USAGE = YES_ERROR;
				CLANG_WARN_DOCUMENTATION_COMMENTS = YES;
				CLANG_WARN_EMPTY_BODY = YES;
				CLANG_WARN_ENUM_CONVERSION = YES;
				CLANG_WARN_INFINITE_RECURSION = YES;
				CLANG_WARN_INT_CONVERSION = YES;
				CLANG_WARN_NON_LITERAL_NULL_CONVERSION = YES;
				CLANG_WARN_OBJC_IMPLICIT_RETAIN_SELF = YES;
				CLANG_WARN_OBJC_LITERAL_CONVERSION = YES;
				CLANG_WARN_OBJC_ROOT_CLASS = YES_ERROR;
				CLANG_WARN_QUOTED_INCLUDE_IN_FRAMEWORK_HEADER = YES;
				CLANG_WARN_RANGE_LOOP_ANALYSIS = YES;
				CLANG_WARN_STRICT_PROTOTYPES = YES;
				CLANG_WARN_SUSPICIOUS_MOVE = YES;
				CLANG_WARN_UNGUARDED_AVAILABILITY = YES_AGGRESSIVE;
				CLANG_WARN_UNREACHABLE_CODE = YES;
				CLANG_WARN__DUPLICATE_METHOD_MATCH = YES;
				COPY_PHASE_STRIP = NO;
				DEBUG_INFORMATION_FORMAT = "dwarf-with-dsym";
				ENABLE_NS_ASSERTIONS = NO;
				ENABLE_STRICT_OBJC_MSGSEND = YES;
				GCC_C_LANGUAGE_STANDARD = gnu11;
				GCC_NO_COMMON_BLOCKS = YES;
				GCC_WARN_64_TO_32_BIT_CONVERSION = YES;
				GCC_WARN_ABOUT_RETURN_TYPE = YES_ERROR;
				GCC_WARN_UNDECLARED_SELECTOR = YES;
				GCC_WARN_UNINITIALIZED_AUTOS = YES_AGGRESSIVE;
				GCC_WARN_UNUSED_FUNCTION = YES;
				GCC_WARN_UNUSED_VARIABLE = YES;
				IPHONEOS_DEPLOYMENT_TARGET = 15.0;
				MTL_ENABLE_DEBUG_INFO = NO;
				MTL_FAST_MATH = YES;
				SDKROOT = iphoneos;
				SWIFT_COMPILATION_MODE = wholemodule;
				SWIFT_OPTIMIZATION_LEVEL = "-O";
				VALIDATE_PRODUCT = YES;
			};
			name = Release;
		};
		046C9768278F3958009EDA74 /* Debug */ = {
			isa = XCBuildConfiguration;
			baseConfigurationReference = E00BBF2ED113E57255843C2D /* Pods-pokemon_table.debug.xcconfig */;
			buildSettings = {
				ASSETCATALOG_COMPILER_APPICON_NAME = AppIcon;
				ASSETCATALOG_COMPILER_GLOBAL_ACCENT_COLOR_NAME = AccentColor;
				CODE_SIGN_STYLE = Automatic;
				CURRENT_PROJECT_VERSION = 1;
				GENERATE_INFOPLIST_FILE = YES;
				INFOPLIST_FILE = pokemon_table/Resources/Info.plist;
				INFOPLIST_KEY_UIApplicationSupportsIndirectInputEvents = YES;
				INFOPLIST_KEY_UILaunchStoryboardName = LaunchScreen;
				INFOPLIST_KEY_UIMainStoryboardFile = "";
				INFOPLIST_KEY_UISupportedInterfaceOrientations_iPad = "UIInterfaceOrientationPortrait UIInterfaceOrientationPortraitUpsideDown UIInterfaceOrientationLandscapeLeft UIInterfaceOrientationLandscapeRight";
				INFOPLIST_KEY_UISupportedInterfaceOrientations_iPhone = "UIInterfaceOrientationPortrait UIInterfaceOrientationLandscapeLeft UIInterfaceOrientationLandscapeRight";
				LD_RUNPATH_SEARCH_PATHS = (
					"$(inherited)",
					"@executable_path/Frameworks",
				);
				MARKETING_VERSION = 1.0;
				PRODUCT_BUNDLE_IDENTIFIER = "Yana-Bezkrovnaya.pokemon-table";
				PRODUCT_NAME = "$(TARGET_NAME)";
				SWIFT_EMIT_LOC_STRINGS = YES;
				SWIFT_VERSION = 5.0;
				TARGETED_DEVICE_FAMILY = 1;
			};
			name = Debug;
		};
		046C9769278F3958009EDA74 /* Release */ = {
			isa = XCBuildConfiguration;
			baseConfigurationReference = D8FC48EAFA422C9D8EADD1C6 /* Pods-pokemon_table.release.xcconfig */;
			buildSettings = {
				ASSETCATALOG_COMPILER_APPICON_NAME = AppIcon;
				ASSETCATALOG_COMPILER_GLOBAL_ACCENT_COLOR_NAME = AccentColor;
				CODE_SIGN_STYLE = Automatic;
				CURRENT_PROJECT_VERSION = 1;
				GENERATE_INFOPLIST_FILE = YES;
				INFOPLIST_FILE = pokemon_table/Resources/Info.plist;
				INFOPLIST_KEY_UIApplicationSupportsIndirectInputEvents = YES;
				INFOPLIST_KEY_UILaunchStoryboardName = LaunchScreen;
				INFOPLIST_KEY_UIMainStoryboardFile = "";
				INFOPLIST_KEY_UISupportedInterfaceOrientations_iPad = "UIInterfaceOrientationPortrait UIInterfaceOrientationPortraitUpsideDown UIInterfaceOrientationLandscapeLeft UIInterfaceOrientationLandscapeRight";
				INFOPLIST_KEY_UISupportedInterfaceOrientations_iPhone = "UIInterfaceOrientationPortrait UIInterfaceOrientationLandscapeLeft UIInterfaceOrientationLandscapeRight";
				LD_RUNPATH_SEARCH_PATHS = (
					"$(inherited)",
					"@executable_path/Frameworks",
				);
				MARKETING_VERSION = 1.0;
				PRODUCT_BUNDLE_IDENTIFIER = "Yana-Bezkrovnaya.pokemon-table";
				PRODUCT_NAME = "$(TARGET_NAME)";
				SWIFT_EMIT_LOC_STRINGS = YES;
				SWIFT_VERSION = 5.0;
				TARGETED_DEVICE_FAMILY = 1;
			};
			name = Release;
		};
/* End XCBuildConfiguration section */

/* Begin XCConfigurationList section */
		046C974E278F3954009EDA74 /* Build configuration list for PBXProject "pokemon_table" */ = {
			isa = XCConfigurationList;
			buildConfigurations = (
				046C9765278F3958009EDA74 /* Debug */,
				046C9766278F3958009EDA74 /* Release */,
			);
			defaultConfigurationIsVisible = 0;
			defaultConfigurationName = Release;
		};
		046C9767278F3958009EDA74 /* Build configuration list for PBXNativeTarget "pokemon_table" */ = {
			isa = XCConfigurationList;
			buildConfigurations = (
				046C9768278F3958009EDA74 /* Debug */,
				046C9769278F3958009EDA74 /* Release */,
			);
			defaultConfigurationIsVisible = 0;
			defaultConfigurationName = Release;
		};
/* End XCConfigurationList section */

/* Begin XCVersionGroup section */
		2C987C312832B5B50050A72C /* CoreData.xcdatamodeld */ = {
			isa = XCVersionGroup;
			children = (
				2C987C322832B5B50050A72C /* CoreData.xcdatamodel */,
			);
			currentVersion = 2C987C322832B5B50050A72C /* CoreData.xcdatamodel */;
			path = CoreData.xcdatamodeld;
			sourceTree = "<group>";
			versionGroupType = wrapper.xcdatamodel;
		};
/* End XCVersionGroup section */
	};
	rootObject = 046C974B278F3954009EDA74 /* Project object */;
}
